
Microsoft Visual Studio Solution File, Format Version 12.00
# Visual Studio Version 17
VisualStudioVersion = 17.9.34622.214
MinimumVisualStudioVersion = 10.0.40219.1
Project("{2150E333-8FDC-42A3-9474-1A3956D46DE8}") = "Core", "Core", "{D2E776AE-BD31-46E4-96BA-6D20884186DA}"
EndProject
Project("{FAE04EC0-301F-11D3-BF4B-00C04F79EFBC}") = "ECommerceAPI.Domain", "Core\ECommerceAPI.Domain\ECommerceAPI.Domain.csproj", "{333623E9-36E7-4809-896C-C67610466D34}"
EndProject
Project("{FAE04EC0-301F-11D3-BF4B-00C04F79EFBC}") = "ECommerceAPI.Application", "Core\ECommerceAPI.Application\ECommerceAPI.Application.csproj", "{3DA7633B-C35A-4A85-AEB2-38256CF2FD39}"
EndProject
Project("{2150E333-8FDC-42A3-9474-1A3956D46DE8}") = "Infrastructure", "Infrastructure", "{636FD2ED-DAC5-4EB7-A8DE-7ECB6609FB98}"
EndProject
Project("{FAE04EC0-301F-11D3-BF4B-00C04F79EFBC}") = "ECommerceAPI.Infrastructure", "Infrastructure\ECommerceAPI.Infrastructure\ECommerceAPI.Infrastructure.csproj", "{21ACFB0D-3A07-49AC-A82C-A6F2B0FE7DB6}"
EndProject
Project("{FAE04EC0-301F-11D3-BF4B-00C04F79EFBC}") = "ECommerceAPI.Persistence", "Infrastructure\ECommerceAPI.Persistence\ECommerceAPI.Persistence.csproj", "{A7BE2801-945D-4EF3-B96E-24E23C0ABB2A}"
EndProject
Project("{2150E333-8FDC-42A3-9474-1A3956D46DE8}") = "Presentation", "Presentation", "{09016A35-C1D4-4944-ABA7-850E2515ADD1}"
EndProject
Project("{FAE04EC0-301F-11D3-BF4B-00C04F79EFBC}") = "ECommerceAPI.API", "Presentation\ECommerceAPI.API\ECommerceAPI.API.csproj", "{2468D43E-FB8F-4BDE-B199-64D2657387D0}"
EndProject
Global
	GlobalSection(SolutionConfigurationPlatforms) = preSolution
		Debug|Any CPU = Debug|Any CPU
		Release|Any CPU = Release|Any CPU
	EndGlobalSection
	GlobalSection(ProjectConfigurationPlatforms) = postSolution
		{333623E9-36E7-4809-896C-C67610466D34}.Debug|Any CPU.ActiveCfg = Debug|Any CPU
		{333623E9-36E7-4809-896C-C67610466D34}.Debug|Any CPU.Build.0 = Debug|Any CPU
		{333623E9-36E7-4809-896C-C67610466D34}.Release|Any CPU.ActiveCfg = Release|Any CPU
		{333623E9-36E7-4809-896C-C67610466D34}.Release|Any CPU.Build.0 = Release|Any CPU
		{3DA7633B-C35A-4A85-AEB2-38256CF2FD39}.Debug|Any CPU.ActiveCfg = Debug|Any CPU
		{3DA7633B-C35A-4A85-AEB2-38256CF2FD39}.Debug|Any CPU.Build.0 = Debug|Any CPU
		{3DA7633B-C35A-4A85-AEB2-38256CF2FD39}.Release|Any CPU.ActiveCfg = Release|Any CPU
		{3DA7633B-C35A-4A85-AEB2-38256CF2FD39}.Release|Any CPU.Build.0 = Release|Any CPU
		{21ACFB0D-3A07-49AC-A82C-A6F2B0FE7DB6}.Debug|Any CPU.ActiveCfg = Debug|Any CPU
		{21ACFB0D-3A07-49AC-A82C-A6F2B0FE7DB6}.Debug|Any CPU.Build.0 = Debug|Any CPU
		{21ACFB0D-3A07-49AC-A82C-A6F2B0FE7DB6}.Release|Any CPU.ActiveCfg = Release|Any CPU
		{21ACFB0D-3A07-49AC-A82C-A6F2B0FE7DB6}.Release|Any CPU.Build.0 = Release|Any CPU
		{A7BE2801-945D-4EF3-B96E-24E23C0ABB2A}.Debug|Any CPU.ActiveCfg = Debug|Any CPU
		{A7BE2801-945D-4EF3-B96E-24E23C0ABB2A}.Debug|Any CPU.Build.0 = Debug|Any CPU
		{A7BE2801-945D-4EF3-B96E-24E23C0ABB2A}.Release|Any CPU.ActiveCfg = Release|Any CPU
		{A7BE2801-945D-4EF3-B96E-24E23C0ABB2A}.Release|Any CPU.Build.0 = Release|Any CPU
		{2468D43E-FB8F-4BDE-B199-64D2657387D0}.Debug|Any CPU.ActiveCfg = Debug|Any CPU
		{2468D43E-FB8F-4BDE-B199-64D2657387D0}.Debug|Any CPU.Build.0 = Debug|Any CPU
		{2468D43E-FB8F-4BDE-B199-64D2657387D0}.Release|Any CPU.ActiveCfg = Release|Any CPU
		{2468D43E-FB8F-4BDE-B199-64D2657387D0}.Release|Any CPU.Build.0 = Release|Any CPU
	EndGlobalSection
	GlobalSection(SolutionProperties) = preSolution
		HideSolutionNode = FALSE
	EndGlobalSection
	GlobalSection(NestedProjects) = preSolution
		{333623E9-36E7-4809-896C-C67610466D34} = {D2E776AE-BD31-46E4-96BA-6D20884186DA}
		{3DA7633B-C35A-4A85-AEB2-38256CF2FD39} = {D2E776AE-BD31-46E4-96BA-6D20884186DA}
		{21ACFB0D-3A07-49AC-A82C-A6F2B0FE7DB6} = {636FD2ED-DAC5-4EB7-A8DE-7ECB6609FB98}
		{A7BE2801-945D-4EF3-B96E-24E23C0ABB2A} = {636FD2ED-DAC5-4EB7-A8DE-7ECB6609FB98}
		{2468D43E-FB8F-4BDE-B199-64D2657387D0} = {09016A35-C1D4-4944-ABA7-850E2515ADD1}
	EndGlobalSection
	GlobalSection(ExtensibilityGlobals) = postSolution
		SolutionGuid = {3F922D86-47B3-4CED-8C7D-BF5D3E8EA452}
	EndGlobalSection
EndGlobal
